// !$*UTF8*$!
{
	archiveVersion = 1;
	classes = {
	};
	objectVersion = 56;
	objects = {

/* Begin PBXBuildFile section */
		493AB5DE29F98821005CB210 /* DummyOngoingPomodoroView.swift in Sources */ = {isa = PBXBuildFile; fileRef = 493AB5DD29F98821005CB210 /* DummyOngoingPomodoroView.swift */; };
		493AB5E029F98A24005CB210 /* EditOngoingBanner.swift in Sources */ = {isa = PBXBuildFile; fileRef = 493AB5DF29F98A24005CB210 /* EditOngoingBanner.swift */; };
		493AB60A29F9A909005CB210 /* TagCloudView.swift in Sources */ = {isa = PBXBuildFile; fileRef = 493AB60929F9A909005CB210 /* TagCloudView.swift */; };
		493AB60C29F9A952005CB210 /* TagView.swift in Sources */ = {isa = PBXBuildFile; fileRef = 493AB60B29F9A952005CB210 /* TagView.swift */; };
		49E4B9FD29F7ACBB00830C61 /* ddiffaApp.swift in Sources */ = {isa = PBXBuildFile; fileRef = 49E4B9FC29F7ACBB00830C61 /* ddiffaApp.swift */; };
		49E4B9FF29F7ACBB00830C61 /* ContentView.swift in Sources */ = {isa = PBXBuildFile; fileRef = 49E4B9FE29F7ACBB00830C61 /* ContentView.swift */; };
		49E4BA0129F7ACBB00830C61 /* Assets.xcassets in Resources */ = {isa = PBXBuildFile; fileRef = 49E4BA0029F7ACBB00830C61 /* Assets.xcassets */; };
		49E4BA0529F7ACBB00830C61 /* Preview Assets.xcassets in Resources */ = {isa = PBXBuildFile; fileRef = 49E4BA0429F7ACBB00830C61 /* Preview Assets.xcassets */; };
/* End PBXBuildFile section */

/* Begin PBXFileReference section */
		493AB5DD29F98821005CB210 /* DummyOngoingPomodoroView.swift */ = {isa = PBXFileReference; lastKnownFileType = sourcecode.swift; path = DummyOngoingPomodoroView.swift; sourceTree = "<group>"; };
		493AB5DF29F98A24005CB210 /* EditOngoingBanner.swift */ = {isa = PBXFileReference; lastKnownFileType = sourcecode.swift; path = EditOngoingBanner.swift; sourceTree = "<group>"; };
		493AB60929F9A909005CB210 /* TagCloudView.swift */ = {isa = PBXFileReference; lastKnownFileType = sourcecode.swift; path = TagCloudView.swift; sourceTree = "<group>"; };
		493AB60B29F9A952005CB210 /* TagView.swift */ = {isa = PBXFileReference; lastKnownFileType = sourcecode.swift; path = TagView.swift; sourceTree = "<group>"; };
		49E4B9F929F7ACBB00830C61 /* ddiffa.app */ = {isa = PBXFileReference; explicitFileType = wrapper.application; includeInIndex = 0; path = ddiffa.app; sourceTree = BUILT_PRODUCTS_DIR; };
		49E4B9FC29F7ACBB00830C61 /* ddiffaApp.swift */ = {isa = PBXFileReference; lastKnownFileType = sourcecode.swift; path = ddiffaApp.swift; sourceTree = "<group>"; };
		49E4B9FE29F7ACBB00830C61 /* ContentView.swift */ = {isa = PBXFileReference; lastKnownFileType = sourcecode.swift; path = ContentView.swift; sourceTree = "<group>"; };
		49E4BA0029F7ACBB00830C61 /* Assets.xcassets */ = {isa = PBXFileReference; lastKnownFileType = folder.assetcatalog; path = Assets.xcassets; sourceTree = "<group>"; };
		49E4BA0229F7ACBB00830C61 /* ddiffa.entitlements */ = {isa = PBXFileReference; lastKnownFileType = text.plist.entitlements; path = ddiffa.entitlements; sourceTree = "<group>"; };
		49E4BA0429F7ACBB00830C61 /* Preview Assets.xcassets */ = {isa = PBXFileReference; lastKnownFileType = folder.assetcatalog; path = "Preview Assets.xcassets"; sourceTree = "<group>"; };
/* End PBXFileReference section */

/* Begin PBXFrameworksBuildPhase section */
		49E4B9F629F7ACBB00830C61 /* Frameworks */ = {
			isa = PBXFrameworksBuildPhase;
			buildActionMask = 2147483647;
			files = (
			);
			runOnlyForDeploymentPostprocessing = 0;
		};
/* End PBXFrameworksBuildPhase section */

/* Begin PBXGroup section */
		493AB5E129F98DC1005CB210 /* EditOngoingBannerDummyDependencies */ = {
			isa = PBXGroup;
			children = (
				493AB5DD29F98821005CB210 /* DummyOngoingPomodoroView.swift */,
			);
			path = EditOngoingBannerDummyDependencies;
			sourceTree = "<group>";
		};
		49E4B9F029F7ACBB00830C61 = {
			isa = PBXGroup;
			children = (
				49E4B9FB29F7ACBB00830C61 /* ddiffa */,
				49E4B9FA29F7ACBB00830C61 /* Products */,
			);
			sourceTree = "<group>";
		};
		49E4B9FA29F7ACBB00830C61 /* Products */ = {
			isa = PBXGroup;
			children = (
				49E4B9F929F7ACBB00830C61 /* ddiffa.app */,
			);
			name = Products;
			sourceTree = "<group>";
		};
		49E4B9FB29F7ACBB00830C61 /* ddiffa */ = {
			isa = PBXGroup;
			children = (
				49E4BA0029F7ACBB00830C61 /* Assets.xcassets */,
				49E4B9FC29F7ACBB00830C61 /* ddiffaApp.swift */,
				49E4BA0229F7ACBB00830C61 /* ddiffa.entitlements */,
				49E4BA0C29F7B3EB00830C61 /* Platform */,
				49E4BA0F29F7B4B300830C61 /* Shared */,
				49E4BA0329F7ACBB00830C61 /* Preview Content */,
			);
			path = ddiffa;
			sourceTree = "<group>";
		};
		49E4BA0329F7ACBB00830C61 /* Preview Content */ = {
			isa = PBXGroup;
			children = (
				49E4BA0429F7ACBB00830C61 /* Preview Assets.xcassets */,
			);
			path = "Preview Content";
			sourceTree = "<group>";
		};
		49E4BA0B29F7B3CE00830C61 /* iOS */ = {
			isa = PBXGroup;
			children = (
			);
			path = iOS;
			sourceTree = "<group>";
		};
		49E4BA0C29F7B3EB00830C61 /* Platform */ = {
			isa = PBXGroup;
			children = (
				49E4BA0E29F7B45400830C61 /* watchOS */,
				49E4BA0D29F7B44800830C61 /* macOS */,
				49E4BA0B29F7B3CE00830C61 /* iOS */,
			);
			name = Platform;
			path = PiOS;
			sourceTree = "<group>";
		};
		49E4BA0D29F7B44800830C61 /* macOS */ = {
			isa = PBXGroup;
			children = (
			);
			path = macOS;
			sourceTree = "<group>";
		};
		49E4BA0E29F7B45400830C61 /* watchOS */ = {
			isa = PBXGroup;
			children = (
			);
			path = watchOS;
			sourceTree = "<group>";
		};
		49E4BA0F29F7B4B300830C61 /* Shared */ = {
			isa = PBXGroup;
			children = (
				49E4BA1029F7B4BC00830C61 /* Lifecycle */,
				49E4BA1829F7B59400830C61 /* Views */,
				49E4BA1729F7B56200830C61 /* Theme */,
				49E4BA1629F7B55000830C61 /* ViewModels */,
				49E4BA1329F7B50900830C61 /* Helpers */,
				49E4BA1129F7B4D300830C61 /* Managers */,
			);
			path = Shared;
			sourceTree = "<group>";
		};
		49E4BA1029F7B4BC00830C61 /* Lifecycle */ = {
			isa = PBXGroup;
			children = (
			);
			path = Lifecycle;
			sourceTree = "<group>";
		};
		49E4BA1129F7B4D300830C61 /* Managers */ = {
			isa = PBXGroup;
			children = (
				49E4BA1229F7B4F400830C61 /* CoreData */,
			);
			path = Managers;
			sourceTree = "<group>";
		};
		49E4BA1229F7B4F400830C61 /* CoreData */ = {
			isa = PBXGroup;
			children = (
			);
			path = CoreData;
			sourceTree = "<group>";
		};
		49E4BA1329F7B50900830C61 /* Helpers */ = {
			isa = PBXGroup;
			children = (
				49E4BA1529F7B52400830C61 /* Extensions */,
				49E4BA1429F7B51400830C61 /* Constansts */,
			);
			path = Helpers;
			sourceTree = "<group>";
		};
		49E4BA1429F7B51400830C61 /* Constansts */ = {
			isa = PBXGroup;
			children = (
			);
			path = Constansts;
			sourceTree = "<group>";
		};
		49E4BA1529F7B52400830C61 /* Extensions */ = {
			isa = PBXGroup;
			children = (
			);
			path = Extensions;
			sourceTree = "<group>";
		};
		49E4BA1629F7B55000830C61 /* ViewModels */ = {
			isa = PBXGroup;
			children = (
			);
			path = ViewModels;
			sourceTree = "<group>";
		};
		49E4BA1729F7B56200830C61 /* Theme */ = {
			isa = PBXGroup;
			children = (
			);
			path = Theme;
			sourceTree = "<group>";
		};
		49E4BA1829F7B59400830C61 /* Views */ = {
			isa = PBXGroup;
			children = (
				49E4BA1B29F7B5DF00830C61 /* ViewModifiers */,
				49E4BA1A29F7B5C700830C61 /* Components */,
				49E4BA1929F7B5B400830C61 /* Screens */,
			);
			path = Views;
			sourceTree = "<group>";
		};
		49E4BA1929F7B5B400830C61 /* Screens */ = {
			isa = PBXGroup;
			children = (
				49E4B9FE29F7ACBB00830C61 /* ContentView.swift */,
			);
			path = Screens;
			sourceTree = "<group>";
		};
		49E4BA1A29F7B5C700830C61 /* Components */ = {
			isa = PBXGroup;
			children = (
				493AB5E129F98DC1005CB210 /* EditOngoingBannerDummyDependencies */,
				493AB5DF29F98A24005CB210 /* EditOngoingBanner.swift */,
				493AB60929F9A909005CB210 /* TagCloudView.swift */,
				493AB60B29F9A952005CB210 /* TagView.swift */,
			);
			path = Components;
			sourceTree = "<group>";
		};
		49E4BA1B29F7B5DF00830C61 /* ViewModifiers */ = {
			isa = PBXGroup;
			children = (
			);
			path = ViewModifiers;
			sourceTree = "<group>";
		};
/* End PBXGroup section */

/* Begin PBXNativeTarget section */
		49E4B9F829F7ACBB00830C61 /* ddiffa */ = {
			isa = PBXNativeTarget;
			buildConfigurationList = 49E4BA0829F7ACBB00830C61 /* Build configuration list for PBXNativeTarget "ddiffa" */;
			buildPhases = (
				49E4B9F529F7ACBB00830C61 /* Sources */,
				49E4B9F629F7ACBB00830C61 /* Frameworks */,
				49E4B9F729F7ACBB00830C61 /* Resources */,
			);
			buildRules = (
			);
			dependencies = (
			);
			name = ddiffa;
			productName = ddiffa;
			productReference = 49E4B9F929F7ACBB00830C61 /* ddiffa.app */;
			productType = "com.apple.product-type.application";
		};
/* End PBXNativeTarget section */

/* Begin PBXProject section */
		49E4B9F129F7ACBB00830C61 /* Project object */ = {
			isa = PBXProject;
			attributes = {
				BuildIndependentTargetsInParallel = 1;
				LastSwiftUpdateCheck = 1430;
				LastUpgradeCheck = 1430;
				TargetAttributes = {
					49E4B9F829F7ACBB00830C61 = {
						CreatedOnToolsVersion = 14.3;
					};
				};
			};
			buildConfigurationList = 49E4B9F429F7ACBB00830C61 /* Build configuration list for PBXProject "ddiffa" */;
			compatibilityVersion = "Xcode 14.0";
			developmentRegion = en;
			hasScannedForEncodings = 0;
			knownRegions = (
				en,
				Base,
			);
			mainGroup = 49E4B9F029F7ACBB00830C61;
			productRefGroup = 49E4B9FA29F7ACBB00830C61 /* Products */;
			projectDirPath = "";
			projectRoot = "";
			targets = (
				49E4B9F829F7ACBB00830C61 /* ddiffa */,
			);
		};
/* End PBXProject section */

/* Begin PBXResourcesBuildPhase section */
		49E4B9F729F7ACBB00830C61 /* Resources */ = {
			isa = PBXResourcesBuildPhase;
			buildActionMask = 2147483647;
			files = (
				49E4BA0529F7ACBB00830C61 /* Preview Assets.xcassets in Resources */,
				49E4BA0129F7ACBB00830C61 /* Assets.xcassets in Resources */,
			);
			runOnlyForDeploymentPostprocessing = 0;
		};
/* End PBXResourcesBuildPhase section */

/* Begin PBXSourcesBuildPhase section */
		49E4B9F529F7ACBB00830C61 /* Sources */ = {
			isa = PBXSourcesBuildPhase;
			buildActionMask = 2147483647;
			files = (
				49E4B9FF29F7ACBB00830C61 /* ContentView.swift in Sources */,
				49E4B9FD29F7ACBB00830C61 /* ddiffaApp.swift in Sources */,
				493AB5DE29F98821005CB210 /* DummyOngoingPomodoroView.swift in Sources */,
				493AB60A29F9A909005CB210 /* TagCloudView.swift in Sources */,
				493AB5E029F98A24005CB210 /* EditOngoingBanner.swift in Sources */,
				493AB60C29F9A952005CB210 /* TagView.swift in Sources */,
			);
			runOnlyForDeploymentPostprocessing = 0;
		};
/* End PBXSourcesBuildPhase section */

/* Begin XCBuildConfiguration section */
		49E4BA0629F7ACBB00830C61 /* Debug */ = {
			isa = XCBuildConfiguration;
			buildSettings = {
				ALWAYS_SEARCH_USER_PATHS = NO;
				CLANG_ANALYZER_NONNULL = YES;
				CLANG_ANALYZER_NUMBER_OBJECT_CONVERSION = YES_AGGRESSIVE;
				CLANG_CXX_LANGUAGE_STANDARD = "gnu++20";
				CLANG_ENABLE_MODULES = YES;
				CLANG_ENABLE_OBJC_ARC = YES;
				CLANG_ENABLE_OBJC_WEAK = YES;
				CLANG_WARN_BLOCK_CAPTURE_AUTORELEASING = YES;
				CLANG_WARN_BOOL_CONVERSION = YES;
				CLANG_WARN_COMMA = YES;
				CLANG_WARN_CONSTANT_CONVERSION = YES;
				CLANG_WARN_DEPRECATED_OBJC_IMPLEMENTATIONS = YES;
				CLANG_WARN_DIRECT_OBJC_ISA_USAGE = YES_ERROR;
				CLANG_WARN_DOCUMENTATION_COMMENTS = YES;
				CLANG_WARN_EMPTY_BODY = YES;
				CLANG_WARN_ENUM_CONVERSION = YES;
				CLANG_WARN_INFINITE_RECURSION = YES;
				CLANG_WARN_INT_CONVERSION = YES;
				CLANG_WARN_NON_LITERAL_NULL_CONVERSION = YES;
				CLANG_WARN_OBJC_IMPLICIT_RETAIN_SELF = YES;
				CLANG_WARN_OBJC_LITERAL_CONVERSION = YES;
				CLANG_WARN_OBJC_ROOT_CLASS = YES_ERROR;
				CLANG_WARN_QUOTED_INCLUDE_IN_FRAMEWORK_HEADER = YES;
				CLANG_WARN_RANGE_LOOP_ANALYSIS = YES;
				CLANG_WARN_STRICT_PROTOTYPES = YES;
				CLANG_WARN_SUSPICIOUS_MOVE = YES;
				CLANG_WARN_UNGUARDED_AVAILABILITY = YES_AGGRESSIVE;
				CLANG_WARN_UNREACHABLE_CODE = YES;
				CLANG_WARN__DUPLICATE_METHOD_MATCH = YES;
				COPY_PHASE_STRIP = NO;
				DEBUG_INFORMATION_FORMAT = dwarf;
				ENABLE_STRICT_OBJC_MSGSEND = YES;
				ENABLE_TESTABILITY = YES;
				GCC_C_LANGUAGE_STANDARD = gnu11;
				GCC_DYNAMIC_NO_PIC = NO;
				GCC_NO_COMMON_BLOCKS = YES;
				GCC_OPTIMIZATION_LEVEL = 0;
				GCC_PREPROCESSOR_DEFINITIONS = (
					"DEBUG=1",
					"$(inherited)",
				);
				GCC_WARN_64_TO_32_BIT_CONVERSION = YES;
				GCC_WARN_ABOUT_RETURN_TYPE = YES_ERROR;
				GCC_WARN_UNDECLARED_SELECTOR = YES;
				GCC_WARN_UNINITIALIZED_AUTOS = YES_AGGRESSIVE;
				GCC_WARN_UNUSED_FUNCTION = YES;
				GCC_WARN_UNUSED_VARIABLE = YES;
				MTL_ENABLE_DEBUG_INFO = INCLUDE_SOURCE;
				MTL_FAST_MATH = YES;
				ONLY_ACTIVE_ARCH = YES;
				SWIFT_ACTIVE_COMPILATION_CONDITIONS = DEBUG;
				SWIFT_OPTIMIZATION_LEVEL = "-Onone";
			};
			name = Debug;
		};
		49E4BA0729F7ACBB00830C61 /* Release */ = {
			isa = XCBuildConfiguration;
			buildSettings = {
				ALWAYS_SEARCH_USER_PATHS = NO;
				CLANG_ANALYZER_NONNULL = YES;
				CLANG_ANALYZER_NUMBER_OBJECT_CONVERSION = YES_AGGRESSIVE;
				CLANG_CXX_LANGUAGE_STANDARD = "gnu++20";
				CLANG_ENABLE_MODULES = YES;
				CLANG_ENABLE_OBJC_ARC = YES;
				CLANG_ENABLE_OBJC_WEAK = YES;
				CLANG_WARN_BLOCK_CAPTURE_AUTORELEASING = YES;
				CLANG_WARN_BOOL_CONVERSION = YES;
				CLANG_WARN_COMMA = YES;
				CLANG_WARN_CONSTANT_CONVERSION = YES;
				CLANG_WARN_DEPRECATED_OBJC_IMPLEMENTATIONS = YES;
				CLANG_WARN_DIRECT_OBJC_ISA_USAGE = YES_ERROR;
				CLANG_WARN_DOCUMENTATION_COMMENTS = YES;
				CLANG_WARN_EMPTY_BODY = YES;
				CLANG_WARN_ENUM_CONVERSION = YES;
				CLANG_WARN_INFINITE_RECURSION = YES;
				CLANG_WARN_INT_CONVERSION = YES;
				CLANG_WARN_NON_LITERAL_NULL_CONVERSION = YES;
				CLANG_WARN_OBJC_IMPLICIT_RETAIN_SELF = YES;
				CLANG_WARN_OBJC_LITERAL_CONVERSION = YES;
				CLANG_WARN_OBJC_ROOT_CLASS = YES_ERROR;
				CLANG_WARN_QUOTED_INCLUDE_IN_FRAMEWORK_HEADER = YES;
				CLANG_WARN_RANGE_LOOP_ANALYSIS = YES;
				CLANG_WARN_STRICT_PROTOTYPES = YES;
				CLANG_WARN_SUSPICIOUS_MOVE = YES;
				CLANG_WARN_UNGUARDED_AVAILABILITY = YES_AGGRESSIVE;
				CLANG_WARN_UNREACHABLE_CODE = YES;
				CLANG_WARN__DUPLICATE_METHOD_MATCH = YES;
				COPY_PHASE_STRIP = NO;
				DEBUG_INFORMATION_FORMAT = "dwarf-with-dsym";
				ENABLE_NS_ASSERTIONS = NO;
				ENABLE_STRICT_OBJC_MSGSEND = YES;
				GCC_C_LANGUAGE_STANDARD = gnu11;
				GCC_NO_COMMON_BLOCKS = YES;
				GCC_WARN_64_TO_32_BIT_CONVERSION = YES;
				GCC_WARN_ABOUT_RETURN_TYPE = YES_ERROR;
				GCC_WARN_UNDECLARED_SELECTOR = YES;
				GCC_WARN_UNINITIALIZED_AUTOS = YES_AGGRESSIVE;
				GCC_WARN_UNUSED_FUNCTION = YES;
				GCC_WARN_UNUSED_VARIABLE = YES;
				MTL_ENABLE_DEBUG_INFO = NO;
				MTL_FAST_MATH = YES;
				SWIFT_COMPILATION_MODE = wholemodule;
				SWIFT_OPTIMIZATION_LEVEL = "-O";
			};
			name = Release;
		};
		49E4BA0929F7ACBB00830C61 /* Debug */ = {
			isa = XCBuildConfiguration;
			buildSettings = {
				ASSETCATALOG_COMPILER_APPICON_NAME = AppIcon;
				ASSETCATALOG_COMPILER_GLOBAL_ACCENT_COLOR_NAME = AccentColor;
				CODE_SIGN_ENTITLEMENTS = ddiffa/ddiffa.entitlements;
				CODE_SIGN_STYLE = Automatic;
				CURRENT_PROJECT_VERSION = 1;
				DEVELOPMENT_ASSET_PATHS = "\"ddiffa/Preview Content\"";
				DEVELOPMENT_TEAM = "";
				ENABLE_HARDENED_RUNTIME = YES;
				ENABLE_PREVIEWS = YES;
				GENERATE_INFOPLIST_FILE = YES;
				INFOPLIST_KEY_LSApplicationCategoryType = "public.app-category.productivity";
				"INFOPLIST_KEY_UIApplicationSceneManifest_Generation[sdk=iphoneos*]" = YES;
				"INFOPLIST_KEY_UIApplicationSceneManifest_Generation[sdk=iphonesimulator*]" = YES;
				"INFOPLIST_KEY_UIApplicationSupportsIndirectInputEvents[sdk=iphoneos*]" = YES;
				"INFOPLIST_KEY_UIApplicationSupportsIndirectInputEvents[sdk=iphonesimulator*]" = YES;
				"INFOPLIST_KEY_UILaunchScreen_Generation[sdk=iphoneos*]" = YES;
				"INFOPLIST_KEY_UILaunchScreen_Generation[sdk=iphonesimulator*]" = YES;
				"INFOPLIST_KEY_UIStatusBarStyle[sdk=iphoneos*]" = UIStatusBarStyleDefault;
				"INFOPLIST_KEY_UIStatusBarStyle[sdk=iphonesimulator*]" = UIStatusBarStyleDefault;
				INFOPLIST_KEY_UISupportedInterfaceOrientations_iPad = "UIInterfaceOrientationPortrait UIInterfaceOrientationPortraitUpsideDown UIInterfaceOrientationLandscapeLeft UIInterfaceOrientationLandscapeRight";
				INFOPLIST_KEY_UISupportedInterfaceOrientations_iPhone = "UIInterfaceOrientationPortrait UIInterfaceOrientationLandscapeLeft UIInterfaceOrientationLandscapeRight";
				IPHONEOS_DEPLOYMENT_TARGET = 16.4;
				LD_RUNPATH_SEARCH_PATHS = "@executable_path/Frameworks";
				"LD_RUNPATH_SEARCH_PATHS[sdk=macosx*]" = "@executable_path/../Frameworks";
				MACOSX_DEPLOYMENT_TARGET = 13.3;
				MARKETING_VERSION = 1.0;
				PRODUCT_BUNDLE_IDENTIFIER = com.dev.ddiffa.ddiffa;
				PRODUCT_NAME = "$(TARGET_NAME)";
				SDKROOT = auto;
				SUPPORTED_PLATFORMS = "iphoneos iphonesimulator macosx";
				SWIFT_EMIT_LOC_STRINGS = YES;
				SWIFT_VERSION = 5.0;
				TARGETED_DEVICE_FAMILY = "1,2";
			};
			name = Debug;
		};
		49E4BA0A29F7ACBB00830C61 /* Release */ = {
			isa = XCBuildConfiguration;
			buildSettings = {
				ASSETCATALOG_COMPILER_APPICON_NAME = AppIcon;
				ASSETCATALOG_COMPILER_GLOBAL_ACCENT_COLOR_NAME = AccentColor;
				CODE_SIGN_ENTITLEMENTS = ddiffa/ddiffa.entitlements;
				CODE_SIGN_STYLE = Automatic;
				CURRENT_PROJECT_VERSION = 1;
				DEVELOPMENT_ASSET_PATHS = "\"ddiffa/Preview Content\"";
				DEVELOPMENT_TEAM = "";
				ENABLE_HARDENED_RUNTIME = YES;
				ENABLE_PREVIEWS = YES;
				GENERATE_INFOPLIST_FILE = YES;
				INFOPLIST_KEY_LSApplicationCategoryType = "public.app-category.productivity";
				"INFOPLIST_KEY_UIApplicationSceneManifest_Generation[sdk=iphoneos*]" = YES;
				"INFOPLIST_KEY_UIApplicationSceneManifest_Generation[sdk=iphonesimulator*]" = YES;
				"INFOPLIST_KEY_UIApplicationSupportsIndirectInputEvents[sdk=iphoneos*]" = YES;
				"INFOPLIST_KEY_UIApplicationSupportsIndirectInputEvents[sdk=iphonesimulator*]" = YES;
				"INFOPLIST_KEY_UILaunchScreen_Generation[sdk=iphoneos*]" = YES;
				"INFOPLIST_KEY_UILaunchScreen_Generation[sdk=iphonesimulator*]" = YES;
				"INFOPLIST_KEY_UIStatusBarStyle[sdk=iphoneos*]" = UIStatusBarStyleDefault;
				"INFOPLIST_KEY_UIStatusBarStyle[sdk=iphonesimulator*]" = UIStatusBarStyleDefault;
				INFOPLIST_KEY_UISupportedInterfaceOrientations_iPad = "UIInterfaceOrientationPortrait UIInterfaceOrientationPortraitUpsideDown UIInterfaceOrientationLandscapeLeft UIInterfaceOrientationLandscapeRight";
				INFOPLIST_KEY_UISupportedInterfaceOrientations_iPhone = "UIInterfaceOrientationPortrait UIInterfaceOrientationLandscapeLeft UIInterfaceOrientationLandscapeRight";
				IPHONEOS_DEPLOYMENT_TARGET = 16.4;
				LD_RUNPATH_SEARCH_PATHS = "@executable_path/Frameworks";
				"LD_RUNPATH_SEARCH_PATHS[sdk=macosx*]" = "@executable_path/../Frameworks";
				MACOSX_DEPLOYMENT_TARGET = 13.3;
				MARKETING_VERSION = 1.0;
				PRODUCT_BUNDLE_IDENTIFIER = com.dev.ddiffa.ddiffa;
				PRODUCT_NAME = "$(TARGET_NAME)";
				SDKROOT = auto;
				SUPPORTED_PLATFORMS = "iphoneos iphonesimulator macosx";
				SWIFT_EMIT_LOC_STRINGS = YES;
				SWIFT_VERSION = 5.0;
				TARGETED_DEVICE_FAMILY = "1,2";
			};
			name = Release;
		};
/* End XCBuildConfiguration section */

/* Begin XCConfigurationList section */
		49E4B9F429F7ACBB00830C61 /* Build configuration list for PBXProject "ddiffa" */ = {
			isa = XCConfigurationList;
			buildConfigurations = (
				49E4BA0629F7ACBB00830C61 /* Debug */,
				49E4BA0729F7ACBB00830C61 /* Release */,
			);
			defaultConfigurationIsVisible = 0;
			defaultConfigurationName = Release;
		};
		49E4BA0829F7ACBB00830C61 /* Build configuration list for PBXNativeTarget "ddiffa" */ = {
			isa = XCConfigurationList;
			buildConfigurations = (
				49E4BA0929F7ACBB00830C61 /* Debug */,
				49E4BA0A29F7ACBB00830C61 /* Release */,
			);
			defaultConfigurationIsVisible = 0;
			defaultConfigurationName = Release;
		};
/* End XCConfigurationList section */
	};
	rootObject = 49E4B9F129F7ACBB00830C61 /* Project object */;
}
