// !$*UTF8*$!
{
	archiveVersion = 1;
	classes = {
	};
	objectVersion = 56;
	objects = {

/* Begin PBXBuildFile section */
		131362522A050917002F8AE4 /* StretchingOnGoingScreenView.swift in Sources */ = {isa = PBXBuildFile; fileRef = 131362512A050917002F8AE4 /* StretchingOnGoingScreenView.swift */; };
		131362552A050DF9002F8AE4 /* WaitingScreenView.swift in Sources */ = {isa = PBXBuildFile; fileRef = 131362542A050DF9002F8AE4 /* WaitingScreenView.swift */; };
		131362572A050F50002F8AE4 /* WatchCircularProgressView.swift in Sources */ = {isa = PBXBuildFile; fileRef = 131362562A050F50002F8AE4 /* WatchCircularProgressView.swift */; };
		133AED9429F814E00092FC46 /* TabbedScreenView.swift in Sources */ = {isa = PBXBuildFile; fileRef = 133AED9329F814E00092FC46 /* TabbedScreenView.swift */; };
		133AED9629F8157E0092FC46 /* SettingsManager.swift in Sources */ = {isa = PBXBuildFile; fileRef = 133AED9529F8157E0092FC46 /* SettingsManager.swift */; };
		133AED9829F815F30092FC46 /* UserDefaults+customKeys.swift in Sources */ = {isa = PBXBuildFile; fileRef = 133AED9729F815F30092FC46 /* UserDefaults+customKeys.swift */; };
		134169002A06991600245E06 /* StretchingView.swift in Sources */ = {isa = PBXBuildFile; fileRef = 134168FF2A06991600245E06 /* StretchingView.swift */; };
		134169022A0747DC00245E06 /* RestScreenView.swift in Sources */ = {isa = PBXBuildFile; fileRef = 134169012A0747DC00245E06 /* RestScreenView.swift */; };
		13474D2529F7E1380034F2C0 /* OnboardingModel.swift in Sources */ = {isa = PBXBuildFile; fileRef = 13474D2429F7E1380034F2C0 /* OnboardingModel.swift */; };
		13474D2929F7E4120034F2C0 /* OnboardingScreenViewModel.swift in Sources */ = {isa = PBXBuildFile; fileRef = 13474D2829F7E4120034F2C0 /* OnboardingScreenViewModel.swift */; };
		135460F129F7C85F00413F74 /* Color+CustomColors.swift in Sources */ = {isa = PBXBuildFile; fileRef = 135460F029F7C85F00413F74 /* Color+CustomColors.swift */; };
		135460F329F7C96C00413F74 /* ProgressDotIndicator.swift in Sources */ = {isa = PBXBuildFile; fileRef = 135460F229F7C96C00413F74 /* ProgressDotIndicator.swift */; };
		135D90A82A020DFF00CB8DB1 /* SessionInformationView.swift in Sources */ = {isa = PBXBuildFile; fileRef = 135D90A72A020DFF00CB8DB1 /* SessionInformationView.swift */; };
		135D90AA2A020E4100CB8DB1 /* SessionInformationViewModel.swift in Sources */ = {isa = PBXBuildFile; fileRef = 135D90A92A020E4100CB8DB1 /* SessionInformationViewModel.swift */; };
		135EF6A229F7C40A00C8D41D /* OnboardingScreenView.swift in Sources */ = {isa = PBXBuildFile; fileRef = 135EF6A129F7C40A00C8D41D /* OnboardingScreenView.swift */; };
		135F2B532A0376ED006DBC9F /* PomodoroNotStartedView.swift in Sources */ = {isa = PBXBuildFile; fileRef = 135F2B522A0376ED006DBC9F /* PomodoroNotStartedView.swift */; };
		135F2B552A03A68E006DBC9F /* SessionEmptyView.swift in Sources */ = {isa = PBXBuildFile; fileRef = 135F2B542A03A68E006DBC9F /* SessionEmptyView.swift */; };
		135F2B572A03BA91006DBC9F /* PomodoroOnGoingView.swift in Sources */ = {isa = PBXBuildFile; fileRef = 135F2B562A03BA91006DBC9F /* PomodoroOnGoingView.swift */; };
		135F2B592A03C52A006DBC9F /* PomodoroScreenView.swift in Sources */ = {isa = PBXBuildFile; fileRef = 135F2B582A03C52A006DBC9F /* PomodoroScreenView.swift */; };
		135F2B5B2A03F0DF006DBC9F /* PomodoroSessionManager.swift in Sources */ = {isa = PBXBuildFile; fileRef = 135F2B5A2A03F0DF006DBC9F /* PomodoroSessionManager.swift */; };
		135F2B5E2A040F83006DBC9F /* ProgressBarView.swift in Sources */ = {isa = PBXBuildFile; fileRef = 135F2B5D2A040F83006DBC9F /* ProgressBarView.swift */; };
		135F2B602A041616006DBC9F /* Date+component.swift in Sources */ = {isa = PBXBuildFile; fileRef = 135F2B5F2A041616006DBC9F /* Date+component.swift */; };
		135F2B612A041616006DBC9F /* Date+component.swift in Sources */ = {isa = PBXBuildFile; fileRef = 135F2B5F2A041616006DBC9F /* Date+component.swift */; };
		135F2B672A048C42006DBC9F /* WatchPreviewFactory.swift in Sources */ = {isa = PBXBuildFile; fileRef = 135F2B662A048C42006DBC9F /* WatchPreviewFactory.swift */; };
		135F2B692A048DB8006DBC9F /* PomodoroControlsScreenView.swift in Sources */ = {isa = PBXBuildFile; fileRef = 135F2B682A048DB8006DBC9F /* PomodoroControlsScreenView.swift */; };
		135F2B6B2A04BD17006DBC9F /* TimeInterval+secondsToHourMinFormat.swift in Sources */ = {isa = PBXBuildFile; fileRef = 135F2B6A2A04BD17006DBC9F /* TimeInterval+secondsToHourMinFormat.swift */; };
		135F2B6D2A04EAA8006DBC9F /* HomeScreenView.swift in Sources */ = {isa = PBXBuildFile; fileRef = 135F2B6C2A04EAA8006DBC9F /* HomeScreenView.swift */; };
		135F2B6F2A04EB69006DBC9F /* StretchingMainScreenView.swift in Sources */ = {isa = PBXBuildFile; fileRef = 135F2B6E2A04EB69006DBC9F /* StretchingMainScreenView.swift */; };
		135F2B712A04ED37006DBC9F /* TempStretchModel.swift in Sources */ = {isa = PBXBuildFile; fileRef = 135F2B702A04ED37006DBC9F /* TempStretchModel.swift */; };
		135F2B732A04EDFE006DBC9F /* WatchStretchingCard.swift in Sources */ = {isa = PBXBuildFile; fileRef = 135F2B722A04EDFE006DBC9F /* WatchStretchingCard.swift */; };
		137FA0882A029AB500473C6B /* Project+CoreDataProperties.swift in Sources */ = {isa = PBXBuildFile; fileRef = 137FA0862A029AB500473C6B /* Project+CoreDataProperties.swift */; };
		137FA0892A029AB500473C6B /* Project+CoreDataClass.swift in Sources */ = {isa = PBXBuildFile; fileRef = 137FA0872A029AB500473C6B /* Project+CoreDataClass.swift */; };
		137FA08B2A029B6A00473C6B /* PomodoroSessionPersistence.swift in Sources */ = {isa = PBXBuildFile; fileRef = 137FA08A2A029B6A00473C6B /* PomodoroSessionPersistence.swift */; };
		13A1E4B129F8259F00BEB26A /* ContentViewModel.swift in Sources */ = {isa = PBXBuildFile; fileRef = 13A1E4B029F8259F00BEB26A /* ContentViewModel.swift */; };
		13A1E4B329F8272A00BEB26A /* SpringToTop.swift in Sources */ = {isa = PBXBuildFile; fileRef = 13A1E4B229F8272900BEB26A /* SpringToTop.swift */; };
		13A3770C2A0358C400624352 /* FocusFlowApp.swift in Sources */ = {isa = PBXBuildFile; fileRef = 13A3770B2A0358C400624352 /* FocusFlowApp.swift */; };
		13A3770E2A0358C400624352 /* ContentView.swift in Sources */ = {isa = PBXBuildFile; fileRef = 13A3770D2A0358C400624352 /* ContentView.swift */; };
		13A377132A0358C500624352 /* Preview Assets.xcassets in Resources */ = {isa = PBXBuildFile; fileRef = 13A377122A0358C500624352 /* Preview Assets.xcassets */; };
		13A377162A0358C500624352 /* FocusFlow Watch App.app in Embed Watch Content */ = {isa = PBXBuildFile; fileRef = 13A377092A0358C400624352 /* FocusFlow Watch App.app */; settings = {ATTRIBUTES = (RemoveHeadersOnCopy, ); }; };
		13A3771D2A0363A600624352 /* PomodoroSessionCardView.swift in Sources */ = {isa = PBXBuildFile; fileRef = 13A3771C2A0363A600624352 /* PomodoroSessionCardView.swift */; };
		13A3771E2A03643400624352 /* Color+CustomColors.swift in Sources */ = {isa = PBXBuildFile; fileRef = 135460F029F7C85F00413F74 /* Color+CustomColors.swift */; };
		13A377232A03665000624352 /* Model.xcdatamodeld in Sources */ = {isa = PBXBuildFile; fileRef = 49F6CC0929FFF20D00ABC9C9 /* Model.xcdatamodeld */; };
		13A377242A03667E00624352 /* Project+CoreDataClass.swift in Sources */ = {isa = PBXBuildFile; fileRef = 137FA0872A029AB500473C6B /* Project+CoreDataClass.swift */; };
		13A377252A03668000624352 /* Project+CoreDataProperties.swift in Sources */ = {isa = PBXBuildFile; fileRef = 137FA0862A029AB500473C6B /* Project+CoreDataProperties.swift */; };
		13A377262A0366A300624352 /* PersistenceController.swift in Sources */ = {isa = PBXBuildFile; fileRef = 49F6CC0729FFF09700ABC9C9 /* PersistenceController.swift */; };
		13A377272A03680900624352 /* PomodoroSessionPersistence.swift in Sources */ = {isa = PBXBuildFile; fileRef = 137FA08A2A029B6A00473C6B /* PomodoroSessionPersistence.swift */; };
		13A377292A036C9800624352 /* Assets.xcassets in Resources */ = {isa = PBXBuildFile; fileRef = 13A377282A036C9800624352 /* Assets.xcassets */; };
		13EBBBF829F8B04400141F3B /* PomodoroNotStartedScreenView.swift in Sources */ = {isa = PBXBuildFile; fileRef = 13EBBBF729F8B04400141F3B /* PomodoroNotStartedScreenView.swift */; };
		13EBBC1929FFE9C000141F3B /* TagView.swift in Sources */ = {isa = PBXBuildFile; fileRef = 13EBBC1829FFE9C000141F3B /* TagView.swift */; };
		49E4B9FD29F7ACBB00830C61 /* ddiffaApp.swift in Sources */ = {isa = PBXBuildFile; fileRef = 49E4B9FC29F7ACBB00830C61 /* ddiffaApp.swift */; };
		49E4B9FF29F7ACBB00830C61 /* ContentView.swift in Sources */ = {isa = PBXBuildFile; fileRef = 49E4B9FE29F7ACBB00830C61 /* ContentView.swift */; };
		49E4BA0129F7ACBB00830C61 /* Assets.xcassets in Resources */ = {isa = PBXBuildFile; fileRef = 49E4BA0029F7ACBB00830C61 /* Assets.xcassets */; };
		49E4BA0529F7ACBB00830C61 /* Preview Assets.xcassets in Resources */ = {isa = PBXBuildFile; fileRef = 49E4BA0429F7ACBB00830C61 /* Preview Assets.xcassets */; };
		49F6CC0829FFF09700ABC9C9 /* PersistenceController.swift in Sources */ = {isa = PBXBuildFile; fileRef = 49F6CC0729FFF09700ABC9C9 /* PersistenceController.swift */; };
		49F6CC0B29FFF20D00ABC9C9 /* Model.xcdatamodeld in Sources */ = {isa = PBXBuildFile; fileRef = 49F6CC0929FFF20D00ABC9C9 /* Model.xcdatamodeld */; };
/* End PBXBuildFile section */

/* Begin PBXContainerItemProxy section */
		13A377142A0358C500624352 /* PBXContainerItemProxy */ = {
			isa = PBXContainerItemProxy;
			containerPortal = 49E4B9F129F7ACBB00830C61 /* Project object */;
			proxyType = 1;
			remoteGlobalIDString = 13A377082A0358C400624352;
			remoteInfo = "FocusFlow Watch App";
		};
/* End PBXContainerItemProxy section */

/* Begin PBXCopyFilesBuildPhase section */
		13A377172A0358C500624352 /* Embed Watch Content */ = {
			isa = PBXCopyFilesBuildPhase;
			buildActionMask = 2147483647;
			dstPath = "$(CONTENTS_FOLDER_PATH)/Watch";
			dstSubfolderSpec = 16;
			files = (
				13A377162A0358C500624352 /* FocusFlow Watch App.app in Embed Watch Content */,
			);
			name = "Embed Watch Content";
			runOnlyForDeploymentPostprocessing = 0;
		};
/* End PBXCopyFilesBuildPhase section */

/* Begin PBXFileReference section */
		131362512A050917002F8AE4 /* StretchingOnGoingScreenView.swift */ = {isa = PBXFileReference; lastKnownFileType = sourcecode.swift; path = StretchingOnGoingScreenView.swift; sourceTree = "<group>"; };
		131362542A050DF9002F8AE4 /* WaitingScreenView.swift */ = {isa = PBXFileReference; lastKnownFileType = sourcecode.swift; path = WaitingScreenView.swift; sourceTree = "<group>"; };
		131362562A050F50002F8AE4 /* WatchCircularProgressView.swift */ = {isa = PBXFileReference; lastKnownFileType = sourcecode.swift; path = WatchCircularProgressView.swift; sourceTree = "<group>"; };
		133AED9329F814E00092FC46 /* TabbedScreenView.swift */ = {isa = PBXFileReference; lastKnownFileType = sourcecode.swift; path = TabbedScreenView.swift; sourceTree = "<group>"; };
		133AED9529F8157E0092FC46 /* SettingsManager.swift */ = {isa = PBXFileReference; lastKnownFileType = sourcecode.swift; name = SettingsManager.swift; path = ddiffa/Shared/Views/Screens/TabbedScreenView/SettingsManager.swift; sourceTree = SOURCE_ROOT; };
		133AED9729F815F30092FC46 /* UserDefaults+customKeys.swift */ = {isa = PBXFileReference; lastKnownFileType = sourcecode.swift; name = "UserDefaults+customKeys.swift"; path = "ddiffa/Shared/Views/Screens/TabbedScreenView/UserDefaults+customKeys.swift"; sourceTree = SOURCE_ROOT; };
		134168FF2A06991600245E06 /* StretchingView.swift */ = {isa = PBXFileReference; lastKnownFileType = sourcecode.swift; path = StretchingView.swift; sourceTree = "<group>"; };
		134169012A0747DC00245E06 /* RestScreenView.swift */ = {isa = PBXFileReference; lastKnownFileType = sourcecode.swift; path = RestScreenView.swift; sourceTree = "<group>"; };
		134169032A074D0900245E06 /* FocusFlow-Watch-App-Info.plist */ = {isa = PBXFileReference; lastKnownFileType = text.plist; path = "FocusFlow-Watch-App-Info.plist"; sourceTree = SOURCE_ROOT; };
		134169042A074F2700245E06 /* FocusFlow Watch App.entitlements */ = {isa = PBXFileReference; lastKnownFileType = text.plist.entitlements; path = "FocusFlow Watch App.entitlements"; sourceTree = "<group>"; };
		13474D2429F7E1380034F2C0 /* OnboardingModel.swift */ = {isa = PBXFileReference; lastKnownFileType = sourcecode.swift; path = OnboardingModel.swift; sourceTree = "<group>"; };
		13474D2829F7E4120034F2C0 /* OnboardingScreenViewModel.swift */ = {isa = PBXFileReference; lastKnownFileType = sourcecode.swift; path = OnboardingScreenViewModel.swift; sourceTree = "<group>"; };
		135460F029F7C85F00413F74 /* Color+CustomColors.swift */ = {isa = PBXFileReference; lastKnownFileType = sourcecode.swift; name = "Color+CustomColors.swift"; path = "ddiffa/Shared/Views/Screens/Color+CustomColors.swift"; sourceTree = SOURCE_ROOT; };
		135460F229F7C96C00413F74 /* ProgressDotIndicator.swift */ = {isa = PBXFileReference; lastKnownFileType = sourcecode.swift; name = ProgressDotIndicator.swift; path = ddiffa/Shared/Views/Screens/ProgressDotIndicator.swift; sourceTree = SOURCE_ROOT; };
		135D90A72A020DFF00CB8DB1 /* SessionInformationView.swift */ = {isa = PBXFileReference; lastKnownFileType = sourcecode.swift; name = SessionInformationView.swift; path = ddiffa/Shared/Views/SessionInformationView.swift; sourceTree = SOURCE_ROOT; };
		135D90A92A020E4100CB8DB1 /* SessionInformationViewModel.swift */ = {isa = PBXFileReference; lastKnownFileType = sourcecode.swift; name = SessionInformationViewModel.swift; path = ddiffa/Shared/Views/SessionInformationViewModel.swift; sourceTree = SOURCE_ROOT; };
		135EF6A129F7C40A00C8D41D /* OnboardingScreenView.swift */ = {isa = PBXFileReference; lastKnownFileType = sourcecode.swift; path = OnboardingScreenView.swift; sourceTree = "<group>"; };
		135F2B522A0376ED006DBC9F /* PomodoroNotStartedView.swift */ = {isa = PBXFileReference; lastKnownFileType = sourcecode.swift; path = PomodoroNotStartedView.swift; sourceTree = "<group>"; };
		135F2B542A03A68E006DBC9F /* SessionEmptyView.swift */ = {isa = PBXFileReference; lastKnownFileType = sourcecode.swift; path = SessionEmptyView.swift; sourceTree = "<group>"; };
		135F2B562A03BA91006DBC9F /* PomodoroOnGoingView.swift */ = {isa = PBXFileReference; lastKnownFileType = sourcecode.swift; path = PomodoroOnGoingView.swift; sourceTree = "<group>"; };
		135F2B582A03C52A006DBC9F /* PomodoroScreenView.swift */ = {isa = PBXFileReference; lastKnownFileType = sourcecode.swift; path = PomodoroScreenView.swift; sourceTree = "<group>"; };
		135F2B5A2A03F0DF006DBC9F /* PomodoroSessionManager.swift */ = {isa = PBXFileReference; lastKnownFileType = sourcecode.swift; path = PomodoroSessionManager.swift; sourceTree = "<group>"; };
		135F2B5D2A040F83006DBC9F /* ProgressBarView.swift */ = {isa = PBXFileReference; lastKnownFileType = sourcecode.swift; path = ProgressBarView.swift; sourceTree = "<group>"; };
		135F2B5F2A041616006DBC9F /* Date+component.swift */ = {isa = PBXFileReference; lastKnownFileType = sourcecode.swift; path = "Date+component.swift"; sourceTree = "<group>"; };
		135F2B662A048C42006DBC9F /* WatchPreviewFactory.swift */ = {isa = PBXFileReference; lastKnownFileType = sourcecode.swift; path = WatchPreviewFactory.swift; sourceTree = "<group>"; };
		135F2B682A048DB8006DBC9F /* PomodoroControlsScreenView.swift */ = {isa = PBXFileReference; lastKnownFileType = sourcecode.swift; path = PomodoroControlsScreenView.swift; sourceTree = "<group>"; };
		135F2B6A2A04BD17006DBC9F /* TimeInterval+secondsToHourMinFormat.swift */ = {isa = PBXFileReference; lastKnownFileType = sourcecode.swift; path = "TimeInterval+secondsToHourMinFormat.swift"; sourceTree = "<group>"; };
		135F2B6C2A04EAA8006DBC9F /* HomeScreenView.swift */ = {isa = PBXFileReference; lastKnownFileType = sourcecode.swift; path = HomeScreenView.swift; sourceTree = "<group>"; };
		135F2B6E2A04EB69006DBC9F /* StretchingMainScreenView.swift */ = {isa = PBXFileReference; lastKnownFileType = sourcecode.swift; path = StretchingMainScreenView.swift; sourceTree = "<group>"; };
		135F2B702A04ED37006DBC9F /* TempStretchModel.swift */ = {isa = PBXFileReference; lastKnownFileType = sourcecode.swift; path = TempStretchModel.swift; sourceTree = "<group>"; };
		135F2B722A04EDFE006DBC9F /* WatchStretchingCard.swift */ = {isa = PBXFileReference; lastKnownFileType = sourcecode.swift; path = WatchStretchingCard.swift; sourceTree = "<group>"; };
		137FA0862A029AB500473C6B /* Project+CoreDataProperties.swift */ = {isa = PBXFileReference; fileEncoding = 4; lastKnownFileType = sourcecode.swift; path = "Project+CoreDataProperties.swift"; sourceTree = "<group>"; };
		137FA0872A029AB500473C6B /* Project+CoreDataClass.swift */ = {isa = PBXFileReference; fileEncoding = 4; lastKnownFileType = sourcecode.swift; path = "Project+CoreDataClass.swift"; sourceTree = "<group>"; };
		137FA08A2A029B6A00473C6B /* PomodoroSessionPersistence.swift */ = {isa = PBXFileReference; fileEncoding = 4; lastKnownFileType = sourcecode.swift; path = PomodoroSessionPersistence.swift; sourceTree = "<group>"; };
		13A1E4B029F8259F00BEB26A /* ContentViewModel.swift */ = {isa = PBXFileReference; lastKnownFileType = sourcecode.swift; path = ContentViewModel.swift; sourceTree = "<group>"; };
		13A1E4B229F8272900BEB26A /* SpringToTop.swift */ = {isa = PBXFileReference; lastKnownFileType = sourcecode.swift; name = SpringToTop.swift; path = ddiffa/Shared/Views/Screens/SpringToTop.swift; sourceTree = SOURCE_ROOT; };
		13A377092A0358C400624352 /* FocusFlow Watch App.app */ = {isa = PBXFileReference; explicitFileType = wrapper.application; includeInIndex = 0; path = "FocusFlow Watch App.app"; sourceTree = BUILT_PRODUCTS_DIR; };
		13A3770B2A0358C400624352 /* FocusFlowApp.swift */ = {isa = PBXFileReference; lastKnownFileType = sourcecode.swift; path = FocusFlowApp.swift; sourceTree = "<group>"; };
		13A3770D2A0358C400624352 /* ContentView.swift */ = {isa = PBXFileReference; lastKnownFileType = sourcecode.swift; path = ContentView.swift; sourceTree = "<group>"; };
		13A377122A0358C500624352 /* Preview Assets.xcassets */ = {isa = PBXFileReference; lastKnownFileType = folder.assetcatalog; path = "Preview Assets.xcassets"; sourceTree = "<group>"; };
		13A3771C2A0363A600624352 /* PomodoroSessionCardView.swift */ = {isa = PBXFileReference; lastKnownFileType = sourcecode.swift; path = PomodoroSessionCardView.swift; sourceTree = "<group>"; };
		13A377282A036C9800624352 /* Assets.xcassets */ = {isa = PBXFileReference; lastKnownFileType = folder.assetcatalog; path = Assets.xcassets; sourceTree = "<group>"; };
		13EBBBF729F8B04400141F3B /* PomodoroNotStartedScreenView.swift */ = {isa = PBXFileReference; lastKnownFileType = sourcecode.swift; path = PomodoroNotStartedScreenView.swift; sourceTree = "<group>"; };
		13EBBC1829FFE9C000141F3B /* TagView.swift */ = {isa = PBXFileReference; lastKnownFileType = sourcecode.swift; name = TagView.swift; path = ddiffa/Shared/Views/TagView.swift; sourceTree = SOURCE_ROOT; };
		49E4B9F929F7ACBB00830C61 /* ddiffa.app */ = {isa = PBXFileReference; explicitFileType = wrapper.application; includeInIndex = 0; path = ddiffa.app; sourceTree = BUILT_PRODUCTS_DIR; };
		49E4B9FC29F7ACBB00830C61 /* ddiffaApp.swift */ = {isa = PBXFileReference; lastKnownFileType = sourcecode.swift; path = ddiffaApp.swift; sourceTree = "<group>"; };
		49E4B9FE29F7ACBB00830C61 /* ContentView.swift */ = {isa = PBXFileReference; lastKnownFileType = sourcecode.swift; path = ContentView.swift; sourceTree = "<group>"; };
		49E4BA0029F7ACBB00830C61 /* Assets.xcassets */ = {isa = PBXFileReference; lastKnownFileType = folder.assetcatalog; path = Assets.xcassets; sourceTree = "<group>"; };
		49E4BA0229F7ACBB00830C61 /* ddiffa.entitlements */ = {isa = PBXFileReference; lastKnownFileType = text.plist.entitlements; path = ddiffa.entitlements; sourceTree = "<group>"; };
		49E4BA0429F7ACBB00830C61 /* Preview Assets.xcassets */ = {isa = PBXFileReference; lastKnownFileType = folder.assetcatalog; path = "Preview Assets.xcassets"; sourceTree = "<group>"; };
		49F6CC0729FFF09700ABC9C9 /* PersistenceController.swift */ = {isa = PBXFileReference; lastKnownFileType = sourcecode.swift; path = PersistenceController.swift; sourceTree = "<group>"; };
		49F6CC0A29FFF20D00ABC9C9 /* Model.xcdatamodel */ = {isa = PBXFileReference; lastKnownFileType = wrapper.xcdatamodel; path = Model.xcdatamodel; sourceTree = "<group>"; };
/* End PBXFileReference section */

/* Begin PBXFrameworksBuildPhase section */
		13A377062A0358C400624352 /* Frameworks */ = {
			isa = PBXFrameworksBuildPhase;
			buildActionMask = 2147483647;
			files = (
			);
			runOnlyForDeploymentPostprocessing = 0;
		};
		49E4B9F629F7ACBB00830C61 /* Frameworks */ = {
			isa = PBXFrameworksBuildPhase;
			buildActionMask = 2147483647;
			files = (
			);
			runOnlyForDeploymentPostprocessing = 0;
		};
/* End PBXFrameworksBuildPhase section */

/* Begin PBXGroup section */
		131362502A050820002F8AE4 /* Stretching */ = {
			isa = PBXGroup;
			children = (
				135F2B6E2A04EB69006DBC9F /* StretchingMainScreenView.swift */,
				131362512A050917002F8AE4 /* StretchingOnGoingScreenView.swift */,
				134168FF2A06991600245E06 /* StretchingView.swift */,
				134169012A0747DC00245E06 /* RestScreenView.swift */,
				131362542A050DF9002F8AE4 /* WaitingScreenView.swift */,
			);
			path = Stretching;
			sourceTree = "<group>";
		};
		133AED9229F814950092FC46 /* TabbedScreenView */ = {
			isa = PBXGroup;
			children = (
				133AED9329F814E00092FC46 /* TabbedScreenView.swift */,
			);
			path = TabbedScreenView;
			sourceTree = "<group>";
		};
		13474D2629F7E13D0034F2C0 /* Models */ = {
			isa = PBXGroup;
			children = (
				137FA08C2A029BAA00473C6B /* ManagedObject */,
				13474D2429F7E1380034F2C0 /* OnboardingModel.swift */,
			);
			path = Models;
			sourceTree = "<group>";
		};
		13474D2729F7E3F50034F2C0 /* Onboarding */ = {
			isa = PBXGroup;
			children = (
				135EF6A129F7C40A00C8D41D /* OnboardingScreenView.swift */,
				13474D2829F7E4120034F2C0 /* OnboardingScreenViewModel.swift */,
			);
			path = Onboarding;
			sourceTree = "<group>";
		};
		135F2B502A0376A6006DBC9F /* Components */ = {
			isa = PBXGroup;
			children = (
				13A3771C2A0363A600624352 /* PomodoroSessionCardView.swift */,
				131362562A050F50002F8AE4 /* WatchCircularProgressView.swift */,
				135F2B5D2A040F83006DBC9F /* ProgressBarView.swift */,
				135F2B722A04EDFE006DBC9F /* WatchStretchingCard.swift */,
				135F2B542A03A68E006DBC9F /* SessionEmptyView.swift */,
			);
			path = Components;
			sourceTree = "<group>";
		};
		135F2B512A0376CC006DBC9F /* Screens */ = {
			isa = PBXGroup;
			children = (
				135F2B522A0376ED006DBC9F /* PomodoroNotStartedView.swift */,
				135F2B682A048DB8006DBC9F /* PomodoroControlsScreenView.swift */,
				135F2B562A03BA91006DBC9F /* PomodoroOnGoingView.swift */,
				135F2B582A03C52A006DBC9F /* PomodoroScreenView.swift */,
				135F2B6C2A04EAA8006DBC9F /* HomeScreenView.swift */,
				131362502A050820002F8AE4 /* Stretching */,
			);
			path = Screens;
			sourceTree = "<group>";
		};
		135F2B5C2A03F0E9006DBC9F /* Managers */ = {
			isa = PBXGroup;
			children = (
				135F2B5A2A03F0DF006DBC9F /* PomodoroSessionManager.swift */,
			);
			path = Managers;
			sourceTree = "<group>";
		};
		135F2B622A048B62006DBC9F /* Helpers */ = {
			isa = PBXGroup;
			children = (
				135F2B662A048C42006DBC9F /* WatchPreviewFactory.swift */,
				135F2B6A2A04BD17006DBC9F /* TimeInterval+secondsToHourMinFormat.swift */,
				135F2B702A04ED37006DBC9F /* TempStretchModel.swift */,
			);
			path = Helpers;
			sourceTree = "<group>";
		};
		137FA08C2A029BAA00473C6B /* ManagedObject */ = {
			isa = PBXGroup;
			children = (
				137FA0872A029AB500473C6B /* Project+CoreDataClass.swift */,
				137FA0862A029AB500473C6B /* Project+CoreDataProperties.swift */,
			);
			path = ManagedObject;
			sourceTree = "<group>";
		};
		13A3770A2A0358C400624352 /* FocusFlow Watch App */ = {
			isa = PBXGroup;
			children = (
				134169042A074F2700245E06 /* FocusFlow Watch App.entitlements */,
				134169032A074D0900245E06 /* FocusFlow-Watch-App-Info.plist */,
				13A3770B2A0358C400624352 /* FocusFlowApp.swift */,
				13A3770D2A0358C400624352 /* ContentView.swift */,
				13A377282A036C9800624352 /* Assets.xcassets */,
				135F2B622A048B62006DBC9F /* Helpers */,
				135F2B502A0376A6006DBC9F /* Components */,
				135F2B512A0376CC006DBC9F /* Screens */,
				135F2B5C2A03F0E9006DBC9F /* Managers */,
				13A377112A0358C500624352 /* Preview Content */,
			);
			path = "FocusFlow Watch App";
			sourceTree = "<group>";
		};
		13A377112A0358C500624352 /* Preview Content */ = {
			isa = PBXGroup;
			children = (
				13A377122A0358C500624352 /* Preview Assets.xcassets */,
			);
			path = "Preview Content";
			sourceTree = "<group>";
		};
		13EBBBF429F8B00400141F3B /* Pomodoro */ = {
			isa = PBXGroup;
			children = (
				13EBBBF729F8B04400141F3B /* PomodoroNotStartedScreenView.swift */,
			);
			path = Pomodoro;
			sourceTree = "<group>";
		};
		49E4B9F029F7ACBB00830C61 = {
			isa = PBXGroup;
			children = (
				49E4B9FB29F7ACBB00830C61 /* ddiffa */,
				13A3770A2A0358C400624352 /* FocusFlow Watch App */,
				49E4B9FA29F7ACBB00830C61 /* Products */,
			);
			sourceTree = "<group>";
		};
		49E4B9FA29F7ACBB00830C61 /* Products */ = {
			isa = PBXGroup;
			children = (
				49E4B9F929F7ACBB00830C61 /* ddiffa.app */,
				13A377092A0358C400624352 /* FocusFlow Watch App.app */,
			);
			name = Products;
			sourceTree = "<group>";
		};
		49E4B9FB29F7ACBB00830C61 /* ddiffa */ = {
			isa = PBXGroup;
			children = (
				49E4BA0029F7ACBB00830C61 /* Assets.xcassets */,
				49E4B9FC29F7ACBB00830C61 /* ddiffaApp.swift */,
				49E4BA0229F7ACBB00830C61 /* ddiffa.entitlements */,
				49E4BA0C29F7B3EB00830C61 /* Platform */,
				49E4BA0F29F7B4B300830C61 /* Shared */,
				49E4BA0329F7ACBB00830C61 /* Preview Content */,
			);
			path = ddiffa;
			sourceTree = "<group>";
		};
		49E4BA0329F7ACBB00830C61 /* Preview Content */ = {
			isa = PBXGroup;
			children = (
				49E4BA0429F7ACBB00830C61 /* Preview Assets.xcassets */,
			);
			path = "Preview Content";
			sourceTree = "<group>";
		};
		49E4BA0B29F7B3CE00830C61 /* iOS */ = {
			isa = PBXGroup;
			children = (
			);
			path = iOS;
			sourceTree = "<group>";
		};
		49E4BA0C29F7B3EB00830C61 /* Platform */ = {
			isa = PBXGroup;
			children = (
				49E4BA0E29F7B45400830C61 /* watchOS */,
				49E4BA0D29F7B44800830C61 /* macOS */,
				49E4BA0B29F7B3CE00830C61 /* iOS */,
			);
			name = Platform;
			path = PiOS;
			sourceTree = "<group>";
		};
		49E4BA0D29F7B44800830C61 /* macOS */ = {
			isa = PBXGroup;
			children = (
			);
			path = macOS;
			sourceTree = "<group>";
		};
		49E4BA0E29F7B45400830C61 /* watchOS */ = {
			isa = PBXGroup;
			children = (
			);
			path = watchOS;
			sourceTree = "<group>";
		};
		49E4BA0F29F7B4B300830C61 /* Shared */ = {
			isa = PBXGroup;
			children = (
				49E4BA1029F7B4BC00830C61 /* Lifecycle */,
				49E4BA1829F7B59400830C61 /* Views */,
				13474D2629F7E13D0034F2C0 /* Models */,
				49E4BA1629F7B55000830C61 /* ViewModels */,
				49E4BA1729F7B56200830C61 /* Theme */,
				49E4BA1329F7B50900830C61 /* Helpers */,
				49E4BA1129F7B4D300830C61 /* Managers */,
			);
			path = Shared;
			sourceTree = "<group>";
		};
		49E4BA1029F7B4BC00830C61 /* Lifecycle */ = {
			isa = PBXGroup;
			children = (
			);
			path = Lifecycle;
			sourceTree = "<group>";
		};
		49E4BA1129F7B4D300830C61 /* Managers */ = {
			isa = PBXGroup;
			children = (
				49E4BA1229F7B4F400830C61 /* CoreData */,
				133AED9529F8157E0092FC46 /* SettingsManager.swift */,
				49F6CC0929FFF20D00ABC9C9 /* Model.xcdatamodeld */,
			);
			path = Managers;
			sourceTree = "<group>";
		};
		49E4BA1229F7B4F400830C61 /* CoreData */ = {
			isa = PBXGroup;
			children = (
				49F6CC0729FFF09700ABC9C9 /* PersistenceController.swift */,
				137FA08A2A029B6A00473C6B /* PomodoroSessionPersistence.swift */,
			);
			path = CoreData;
			sourceTree = "<group>";
		};
		49E4BA1329F7B50900830C61 /* Helpers */ = {
			isa = PBXGroup;
			children = (
				49E4BA1529F7B52400830C61 /* Extensions */,
				49E4BA1429F7B51400830C61 /* Constansts */,
			);
			path = Helpers;
			sourceTree = "<group>";
		};
		49E4BA1429F7B51400830C61 /* Constansts */ = {
			isa = PBXGroup;
			children = (
				133AED9729F815F30092FC46 /* UserDefaults+customKeys.swift */,
			);
			path = Constansts;
			sourceTree = "<group>";
		};
		49E4BA1529F7B52400830C61 /* Extensions */ = {
			isa = PBXGroup;
			children = (
				135F2B5F2A041616006DBC9F /* Date+component.swift */,
			);
			path = Extensions;
			sourceTree = "<group>";
		};
		49E4BA1629F7B55000830C61 /* ViewModels */ = {
			isa = PBXGroup;
			children = (
			);
			path = ViewModels;
			sourceTree = "<group>";
		};
		49E4BA1729F7B56200830C61 /* Theme */ = {
			isa = PBXGroup;
			children = (
				135460F029F7C85F00413F74 /* Color+CustomColors.swift */,
			);
			path = Theme;
			sourceTree = "<group>";
		};
		49E4BA1829F7B59400830C61 /* Views */ = {
			isa = PBXGroup;
			children = (
				49E4BA1B29F7B5DF00830C61 /* ViewModifiers */,
				49E4BA1A29F7B5C700830C61 /* Components */,
				49E4BA1929F7B5B400830C61 /* Screens */,
			);
			path = Views;
			sourceTree = "<group>";
		};
		49E4BA1929F7B5B400830C61 /* Screens */ = {
			isa = PBXGroup;
			children = (
				49E4B9FE29F7ACBB00830C61 /* ContentView.swift */,
				13A1E4B029F8259F00BEB26A /* ContentViewModel.swift */,
				13474D2729F7E3F50034F2C0 /* Onboarding */,
				133AED9229F814950092FC46 /* TabbedScreenView */,
				13EBBBF429F8B00400141F3B /* Pomodoro */,
			);
			path = Screens;
			sourceTree = "<group>";
		};
		49E4BA1A29F7B5C700830C61 /* Components */ = {
			isa = PBXGroup;
			children = (
				135460F229F7C96C00413F74 /* ProgressDotIndicator.swift */,
				13EBBC1829FFE9C000141F3B /* TagView.swift */,
				135D90A72A020DFF00CB8DB1 /* SessionInformationView.swift */,
				135D90A92A020E4100CB8DB1 /* SessionInformationViewModel.swift */,
			);
			path = Components;
			sourceTree = "<group>";
		};
		49E4BA1B29F7B5DF00830C61 /* ViewModifiers */ = {
			isa = PBXGroup;
			children = (
				13A1E4B229F8272900BEB26A /* SpringToTop.swift */,
			);
			path = ViewModifiers;
			sourceTree = "<group>";
		};
/* End PBXGroup section */

/* Begin PBXNativeTarget section */
		13A377082A0358C400624352 /* FocusFlow Watch App */ = {
			isa = PBXNativeTarget;
			buildConfigurationList = 13A3771A2A0358C500624352 /* Build configuration list for PBXNativeTarget "FocusFlow Watch App" */;
			buildPhases = (
				13A377052A0358C400624352 /* Sources */,
				13A377062A0358C400624352 /* Frameworks */,
				13A377072A0358C400624352 /* Resources */,
			);
			buildRules = (
			);
			dependencies = (
			);
			name = "FocusFlow Watch App";
			productName = "FocusFlow Watch App";
			productReference = 13A377092A0358C400624352 /* FocusFlow Watch App.app */;
			productType = "com.apple.product-type.application";
		};
		49E4B9F829F7ACBB00830C61 /* ddiffa */ = {
			isa = PBXNativeTarget;
			buildConfigurationList = 49E4BA0829F7ACBB00830C61 /* Build configuration list for PBXNativeTarget "ddiffa" */;
			buildPhases = (
				49E4B9F529F7ACBB00830C61 /* Sources */,
				49E4B9F629F7ACBB00830C61 /* Frameworks */,
				49E4B9F729F7ACBB00830C61 /* Resources */,
				13A377172A0358C500624352 /* Embed Watch Content */,
			);
			buildRules = (
			);
			dependencies = (
				13A377152A0358C500624352 /* PBXTargetDependency */,
			);
			name = ddiffa;
			productName = ddiffa;
			productReference = 49E4B9F929F7ACBB00830C61 /* ddiffa.app */;
			productType = "com.apple.product-type.application";
		};
/* End PBXNativeTarget section */

/* Begin PBXProject section */
		49E4B9F129F7ACBB00830C61 /* Project object */ = {
			isa = PBXProject;
			attributes = {
				BuildIndependentTargetsInParallel = 1;
				LastSwiftUpdateCheck = 1430;
				LastUpgradeCheck = 1430;
				TargetAttributes = {
					13A377082A0358C400624352 = {
						CreatedOnToolsVersion = 14.3;
					};
					49E4B9F829F7ACBB00830C61 = {
						CreatedOnToolsVersion = 14.3;
					};
				};
			};
			buildConfigurationList = 49E4B9F429F7ACBB00830C61 /* Build configuration list for PBXProject "ddiffa" */;
			compatibilityVersion = "Xcode 14.0";
			developmentRegion = en;
			hasScannedForEncodings = 0;
			knownRegions = (
				en,
				Base,
			);
			mainGroup = 49E4B9F029F7ACBB00830C61;
			productRefGroup = 49E4B9FA29F7ACBB00830C61 /* Products */;
			projectDirPath = "";
			projectRoot = "";
			targets = (
				49E4B9F829F7ACBB00830C61 /* ddiffa */,
				13A377082A0358C400624352 /* FocusFlow Watch App */,
			);
		};
/* End PBXProject section */

/* Begin PBXResourcesBuildPhase section */
		13A377072A0358C400624352 /* Resources */ = {
			isa = PBXResourcesBuildPhase;
			buildActionMask = 2147483647;
			files = (
				13A377292A036C9800624352 /* Assets.xcassets in Resources */,
				13A377132A0358C500624352 /* Preview Assets.xcassets in Resources */,
			);
			runOnlyForDeploymentPostprocessing = 0;
		};
		49E4B9F729F7ACBB00830C61 /* Resources */ = {
			isa = PBXResourcesBuildPhase;
			buildActionMask = 2147483647;
			files = (
				49E4BA0529F7ACBB00830C61 /* Preview Assets.xcassets in Resources */,
				49E4BA0129F7ACBB00830C61 /* Assets.xcassets in Resources */,
			);
			runOnlyForDeploymentPostprocessing = 0;
		};
/* End PBXResourcesBuildPhase section */

/* Begin PBXSourcesBuildPhase section */
		13A377052A0358C400624352 /* Sources */ = {
			isa = PBXSourcesBuildPhase;
			buildActionMask = 2147483647;
			files = (
				134169002A06991600245E06 /* StretchingView.swift in Sources */,
				135F2B6F2A04EB69006DBC9F /* StretchingMainScreenView.swift in Sources */,
				131362552A050DF9002F8AE4 /* WaitingScreenView.swift in Sources */,
				13A3771D2A0363A600624352 /* PomodoroSessionCardView.swift in Sources */,
				135F2B6B2A04BD17006DBC9F /* TimeInterval+secondsToHourMinFormat.swift in Sources */,
				135F2B5B2A03F0DF006DBC9F /* PomodoroSessionManager.swift in Sources */,
				13A377272A03680900624352 /* PomodoroSessionPersistence.swift in Sources */,
				135F2B532A0376ED006DBC9F /* PomodoroNotStartedView.swift in Sources */,
				135F2B692A048DB8006DBC9F /* PomodoroControlsScreenView.swift in Sources */,
				13A3770E2A0358C400624352 /* ContentView.swift in Sources */,
				135F2B6D2A04EAA8006DBC9F /* HomeScreenView.swift in Sources */,
				131362522A050917002F8AE4 /* StretchingOnGoingScreenView.swift in Sources */,
				13A377232A03665000624352 /* Model.xcdatamodeld in Sources */,
				13A377252A03668000624352 /* Project+CoreDataProperties.swift in Sources */,
				135F2B672A048C42006DBC9F /* WatchPreviewFactory.swift in Sources */,
				13A377242A03667E00624352 /* Project+CoreDataClass.swift in Sources */,
				134169022A0747DC00245E06 /* RestScreenView.swift in Sources */,
				13A3771E2A03643400624352 /* Color+CustomColors.swift in Sources */,
				131362572A050F50002F8AE4 /* WatchCircularProgressView.swift in Sources */,
				13A3770C2A0358C400624352 /* FocusFlowApp.swift in Sources */,
				135F2B592A03C52A006DBC9F /* PomodoroScreenView.swift in Sources */,
				135F2B612A041616006DBC9F /* Date+component.swift in Sources */,
				135F2B712A04ED37006DBC9F /* TempStretchModel.swift in Sources */,
				13A377262A0366A300624352 /* PersistenceController.swift in Sources */,
				135F2B732A04EDFE006DBC9F /* WatchStretchingCard.swift in Sources */,
				135F2B552A03A68E006DBC9F /* SessionEmptyView.swift in Sources */,
				135F2B5E2A040F83006DBC9F /* ProgressBarView.swift in Sources */,
				135F2B572A03BA91006DBC9F /* PomodoroOnGoingView.swift in Sources */,
			);
			runOnlyForDeploymentPostprocessing = 0;
		};
		49E4B9F529F7ACBB00830C61 /* Sources */ = {
			isa = PBXSourcesBuildPhase;
			buildActionMask = 2147483647;
			files = (
				135D90A82A020DFF00CB8DB1 /* SessionInformationView.swift in Sources */,
				137FA08B2A029B6A00473C6B /* PomodoroSessionPersistence.swift in Sources */,
				49E4B9FF29F7ACBB00830C61 /* ContentView.swift in Sources */,
				13EBBBF829F8B04400141F3B /* PomodoroNotStartedScreenView.swift in Sources */,
				137FA0882A029AB500473C6B /* Project+CoreDataProperties.swift in Sources */,
				133AED9829F815F30092FC46 /* UserDefaults+customKeys.swift in Sources */,
				13A1E4B329F8272A00BEB26A /* SpringToTop.swift in Sources */,
				49F6CC0B29FFF20D00ABC9C9 /* Model.xcdatamodeld in Sources */,
				135EF6A229F7C40A00C8D41D /* OnboardingScreenView.swift in Sources */,
				133AED9429F814E00092FC46 /* TabbedScreenView.swift in Sources */,
				137FA0892A029AB500473C6B /* Project+CoreDataClass.swift in Sources */,
				49F6CC0829FFF09700ABC9C9 /* PersistenceController.swift in Sources */,
				13474D2529F7E1380034F2C0 /* OnboardingModel.swift in Sources */,
				135460F329F7C96C00413F74 /* ProgressDotIndicator.swift in Sources */,
				135D90AA2A020E4100CB8DB1 /* SessionInformationViewModel.swift in Sources */,
				135460F129F7C85F00413F74 /* Color+CustomColors.swift in Sources */,
				13A1E4B129F8259F00BEB26A /* ContentViewModel.swift in Sources */,
				49E4B9FD29F7ACBB00830C61 /* ddiffaApp.swift in Sources */,
				13EBBC1929FFE9C000141F3B /* TagView.swift in Sources */,
				13474D2929F7E4120034F2C0 /* OnboardingScreenViewModel.swift in Sources */,
				133AED9629F8157E0092FC46 /* SettingsManager.swift in Sources */,
				135F2B602A041616006DBC9F /* Date+component.swift in Sources */,
			);
			runOnlyForDeploymentPostprocessing = 0;
		};
/* End PBXSourcesBuildPhase section */

/* Begin PBXTargetDependency section */
		13A377152A0358C500624352 /* PBXTargetDependency */ = {
			isa = PBXTargetDependency;
			target = 13A377082A0358C400624352 /* FocusFlow Watch App */;
			targetProxy = 13A377142A0358C500624352 /* PBXContainerItemProxy */;
		};
/* End PBXTargetDependency section */

/* Begin XCBuildConfiguration section */
		13A377182A0358C500624352 /* Debug */ = {
			isa = XCBuildConfiguration;
			buildSettings = {
				ASSETCATALOG_COMPILER_APPICON_NAME = AppIcon;
				ASSETCATALOG_COMPILER_GLOBAL_ACCENT_COLOR_NAME = AccentColor;
				CODE_SIGN_ENTITLEMENTS = "FocusFlow Watch App/FocusFlow Watch App.entitlements";
				CODE_SIGN_STYLE = Automatic;
				CURRENT_PROJECT_VERSION = 1;
				DEVELOPMENT_ASSET_PATHS = "\"FocusFlow Watch App/Preview Content\"";
				DEVELOPMENT_TEAM = H9PJ7U2A6K;
				ENABLE_PREVIEWS = YES;
				GENERATE_INFOPLIST_FILE = YES;
				INFOPLIST_FILE = "FocusFlow-Watch-App-Info.plist";
				INFOPLIST_KEY_CFBundleDisplayName = FocusFlow;
				INFOPLIST_KEY_NSHealthShareUsageDescription = "Stretching tracked by FocusFlow on Apple Watch will be saved to HealthKit.";
				INFOPLIST_KEY_NSHealthUpdateUsageDescription = "Your workout related data will be used to display your saved workouts in FocusFlow";
				INFOPLIST_KEY_UISupportedInterfaceOrientations = "UIInterfaceOrientationPortrait UIInterfaceOrientationPortraitUpsideDown";
				INFOPLIST_KEY_WKCompanionAppBundleIdentifier = com.dev.ddiffa.ddiffa;
				LD_RUNPATH_SEARCH_PATHS = (
					"$(inherited)",
					"@executable_path/Frameworks",
				);
				MARKETING_VERSION = 1.0;
				PRODUCT_BUNDLE_IDENTIFIER = com.dev.ddiffa.ddiffa.watchkitapp;
				PRODUCT_NAME = "$(TARGET_NAME)";
				SDKROOT = watchos;
				SKIP_INSTALL = YES;
				SWIFT_EMIT_LOC_STRINGS = YES;
				SWIFT_VERSION = 5.0;
				TARGETED_DEVICE_FAMILY = 4;
				WATCHOS_DEPLOYMENT_TARGET = 9.4;
			};
			name = Debug;
		};
		13A377192A0358C500624352 /* Release */ = {
			isa = XCBuildConfiguration;
			buildSettings = {
				ASSETCATALOG_COMPILER_APPICON_NAME = AppIcon;
				ASSETCATALOG_COMPILER_GLOBAL_ACCENT_COLOR_NAME = AccentColor;
				CODE_SIGN_ENTITLEMENTS = "FocusFlow Watch App/FocusFlow Watch App.entitlements";
				CODE_SIGN_STYLE = Automatic;
				CURRENT_PROJECT_VERSION = 1;
				DEVELOPMENT_ASSET_PATHS = "\"FocusFlow Watch App/Preview Content\"";
				DEVELOPMENT_TEAM = H9PJ7U2A6K;
				ENABLE_PREVIEWS = YES;
				GENERATE_INFOPLIST_FILE = YES;
				INFOPLIST_FILE = "FocusFlow-Watch-App-Info.plist";
				INFOPLIST_KEY_CFBundleDisplayName = FocusFlow;
				INFOPLIST_KEY_NSHealthShareUsageDescription = "Stretching tracked by FocusFlow on Apple Watch will be saved to HealthKit.";
				INFOPLIST_KEY_NSHealthUpdateUsageDescription = "Your workout related data will be used to display your saved workouts in FocusFlow";
				INFOPLIST_KEY_UISupportedInterfaceOrientations = "UIInterfaceOrientationPortrait UIInterfaceOrientationPortraitUpsideDown";
				INFOPLIST_KEY_WKCompanionAppBundleIdentifier = com.dev.ddiffa.ddiffa;
				LD_RUNPATH_SEARCH_PATHS = (
					"$(inherited)",
					"@executable_path/Frameworks",
				);
				MARKETING_VERSION = 1.0;
				PRODUCT_BUNDLE_IDENTIFIER = com.dev.ddiffa.ddiffa.watchkitapp;
				PRODUCT_NAME = "$(TARGET_NAME)";
				SDKROOT = watchos;
				SKIP_INSTALL = YES;
				SWIFT_EMIT_LOC_STRINGS = YES;
				SWIFT_VERSION = 5.0;
				TARGETED_DEVICE_FAMILY = 4;
				VALIDATE_PRODUCT = YES;
				WATCHOS_DEPLOYMENT_TARGET = 9.4;
			};
			name = Release;
		};
		49E4BA0629F7ACBB00830C61 /* Debug */ = {
			isa = XCBuildConfiguration;
			buildSettings = {
				ALWAYS_SEARCH_USER_PATHS = NO;
				CLANG_ANALYZER_NONNULL = YES;
				CLANG_ANALYZER_NUMBER_OBJECT_CONVERSION = YES_AGGRESSIVE;
				CLANG_CXX_LANGUAGE_STANDARD = "gnu++20";
				CLANG_ENABLE_MODULES = YES;
				CLANG_ENABLE_OBJC_ARC = YES;
				CLANG_ENABLE_OBJC_WEAK = YES;
				CLANG_WARN_BLOCK_CAPTURE_AUTORELEASING = YES;
				CLANG_WARN_BOOL_CONVERSION = YES;
				CLANG_WARN_COMMA = YES;
				CLANG_WARN_CONSTANT_CONVERSION = YES;
				CLANG_WARN_DEPRECATED_OBJC_IMPLEMENTATIONS = YES;
				CLANG_WARN_DIRECT_OBJC_ISA_USAGE = YES_ERROR;
				CLANG_WARN_DOCUMENTATION_COMMENTS = YES;
				CLANG_WARN_EMPTY_BODY = YES;
				CLANG_WARN_ENUM_CONVERSION = YES;
				CLANG_WARN_INFINITE_RECURSION = YES;
				CLANG_WARN_INT_CONVERSION = YES;
				CLANG_WARN_NON_LITERAL_NULL_CONVERSION = YES;
				CLANG_WARN_OBJC_IMPLICIT_RETAIN_SELF = YES;
				CLANG_WARN_OBJC_LITERAL_CONVERSION = YES;
				CLANG_WARN_OBJC_ROOT_CLASS = YES_ERROR;
				CLANG_WARN_QUOTED_INCLUDE_IN_FRAMEWORK_HEADER = YES;
				CLANG_WARN_RANGE_LOOP_ANALYSIS = YES;
				CLANG_WARN_STRICT_PROTOTYPES = YES;
				CLANG_WARN_SUSPICIOUS_MOVE = YES;
				CLANG_WARN_UNGUARDED_AVAILABILITY = YES_AGGRESSIVE;
				CLANG_WARN_UNREACHABLE_CODE = YES;
				CLANG_WARN__DUPLICATE_METHOD_MATCH = YES;
				COPY_PHASE_STRIP = NO;
				DEBUG_INFORMATION_FORMAT = dwarf;
				ENABLE_STRICT_OBJC_MSGSEND = YES;
				ENABLE_TESTABILITY = YES;
				GCC_C_LANGUAGE_STANDARD = gnu11;
				GCC_DYNAMIC_NO_PIC = NO;
				GCC_NO_COMMON_BLOCKS = YES;
				GCC_OPTIMIZATION_LEVEL = 0;
				GCC_PREPROCESSOR_DEFINITIONS = (
					"DEBUG=1",
					"$(inherited)",
				);
				GCC_WARN_64_TO_32_BIT_CONVERSION = YES;
				GCC_WARN_ABOUT_RETURN_TYPE = YES_ERROR;
				GCC_WARN_UNDECLARED_SELECTOR = YES;
				GCC_WARN_UNINITIALIZED_AUTOS = YES_AGGRESSIVE;
				GCC_WARN_UNUSED_FUNCTION = YES;
				GCC_WARN_UNUSED_VARIABLE = YES;
				MTL_ENABLE_DEBUG_INFO = INCLUDE_SOURCE;
				MTL_FAST_MATH = YES;
				ONLY_ACTIVE_ARCH = YES;
				SWIFT_ACTIVE_COMPILATION_CONDITIONS = DEBUG;
				SWIFT_OPTIMIZATION_LEVEL = "-Onone";
			};
			name = Debug;
		};
		49E4BA0729F7ACBB00830C61 /* Release */ = {
			isa = XCBuildConfiguration;
			buildSettings = {
				ALWAYS_SEARCH_USER_PATHS = NO;
				CLANG_ANALYZER_NONNULL = YES;
				CLANG_ANALYZER_NUMBER_OBJECT_CONVERSION = YES_AGGRESSIVE;
				CLANG_CXX_LANGUAGE_STANDARD = "gnu++20";
				CLANG_ENABLE_MODULES = YES;
				CLANG_ENABLE_OBJC_ARC = YES;
				CLANG_ENABLE_OBJC_WEAK = YES;
				CLANG_WARN_BLOCK_CAPTURE_AUTORELEASING = YES;
				CLANG_WARN_BOOL_CONVERSION = YES;
				CLANG_WARN_COMMA = YES;
				CLANG_WARN_CONSTANT_CONVERSION = YES;
				CLANG_WARN_DEPRECATED_OBJC_IMPLEMENTATIONS = YES;
				CLANG_WARN_DIRECT_OBJC_ISA_USAGE = YES_ERROR;
				CLANG_WARN_DOCUMENTATION_COMMENTS = YES;
				CLANG_WARN_EMPTY_BODY = YES;
				CLANG_WARN_ENUM_CONVERSION = YES;
				CLANG_WARN_INFINITE_RECURSION = YES;
				CLANG_WARN_INT_CONVERSION = YES;
				CLANG_WARN_NON_LITERAL_NULL_CONVERSION = YES;
				CLANG_WARN_OBJC_IMPLICIT_RETAIN_SELF = YES;
				CLANG_WARN_OBJC_LITERAL_CONVERSION = YES;
				CLANG_WARN_OBJC_ROOT_CLASS = YES_ERROR;
				CLANG_WARN_QUOTED_INCLUDE_IN_FRAMEWORK_HEADER = YES;
				CLANG_WARN_RANGE_LOOP_ANALYSIS = YES;
				CLANG_WARN_STRICT_PROTOTYPES = YES;
				CLANG_WARN_SUSPICIOUS_MOVE = YES;
				CLANG_WARN_UNGUARDED_AVAILABILITY = YES_AGGRESSIVE;
				CLANG_WARN_UNREACHABLE_CODE = YES;
				CLANG_WARN__DUPLICATE_METHOD_MATCH = YES;
				COPY_PHASE_STRIP = NO;
				DEBUG_INFORMATION_FORMAT = "dwarf-with-dsym";
				ENABLE_NS_ASSERTIONS = NO;
				ENABLE_STRICT_OBJC_MSGSEND = YES;
				GCC_C_LANGUAGE_STANDARD = gnu11;
				GCC_NO_COMMON_BLOCKS = YES;
				GCC_WARN_64_TO_32_BIT_CONVERSION = YES;
				GCC_WARN_ABOUT_RETURN_TYPE = YES_ERROR;
				GCC_WARN_UNDECLARED_SELECTOR = YES;
				GCC_WARN_UNINITIALIZED_AUTOS = YES_AGGRESSIVE;
				GCC_WARN_UNUSED_FUNCTION = YES;
				GCC_WARN_UNUSED_VARIABLE = YES;
				MTL_ENABLE_DEBUG_INFO = NO;
				MTL_FAST_MATH = YES;
				SWIFT_COMPILATION_MODE = wholemodule;
				SWIFT_OPTIMIZATION_LEVEL = "-O";
			};
			name = Release;
		};
		49E4BA0929F7ACBB00830C61 /* Debug */ = {
			isa = XCBuildConfiguration;
			buildSettings = {
				ALWAYS_EMBED_SWIFT_STANDARD_LIBRARIES = YES;
				ASSETCATALOG_COMPILER_APPICON_NAME = AppIcon;
				ASSETCATALOG_COMPILER_GLOBAL_ACCENT_COLOR_NAME = AccentColor;
				CODE_SIGN_ENTITLEMENTS = ddiffa/ddiffa.entitlements;
				CODE_SIGN_STYLE = Automatic;
				CURRENT_PROJECT_VERSION = 1;
				DEVELOPMENT_ASSET_PATHS = "\"ddiffa/Preview Content\"";
				DEVELOPMENT_TEAM = H9PJ7U2A6K;
				ENABLE_HARDENED_RUNTIME = YES;
				ENABLE_PREVIEWS = YES;
				GENERATE_INFOPLIST_FILE = YES;
				INFOPLIST_KEY_LSApplicationCategoryType = "public.app-category.productivity";
				INFOPLIST_KEY_NSHealthShareUsageDescription = "Stretching tracked by FocusFlow on Apple Watch will be saved to HealthKit.";
				INFOPLIST_KEY_NSHealthUpdateUsageDescription = "Your workout related data will be used to display your saved workouts in FocusFlow";
				INFOPLIST_KEY_UIApplicationSceneManifest_Generation = YES;
				"INFOPLIST_KEY_UIApplicationSceneManifest_Generation[sdk=iphoneos*]" = YES;
				"INFOPLIST_KEY_UIApplicationSceneManifest_Generation[sdk=iphonesimulator*]" = YES;
				INFOPLIST_KEY_UIApplicationSupportsIndirectInputEvents = YES;
				"INFOPLIST_KEY_UIApplicationSupportsIndirectInputEvents[sdk=iphoneos*]" = YES;
				"INFOPLIST_KEY_UIApplicationSupportsIndirectInputEvents[sdk=iphonesimulator*]" = YES;
				INFOPLIST_KEY_UILaunchScreen_Generation = YES;
				"INFOPLIST_KEY_UILaunchScreen_Generation[sdk=iphoneos*]" = YES;
				"INFOPLIST_KEY_UILaunchScreen_Generation[sdk=iphonesimulator*]" = YES;
				INFOPLIST_KEY_UIStatusBarStyle = UIStatusBarStyleDefault;
				"INFOPLIST_KEY_UIStatusBarStyle[sdk=iphoneos*]" = UIStatusBarStyleDefault;
				"INFOPLIST_KEY_UIStatusBarStyle[sdk=iphonesimulator*]" = UIStatusBarStyleDefault;
				INFOPLIST_KEY_UISupportedInterfaceOrientations_iPad = "UIInterfaceOrientationPortrait UIInterfaceOrientationPortraitUpsideDown UIInterfaceOrientationLandscapeLeft UIInterfaceOrientationLandscapeRight";
				INFOPLIST_KEY_UISupportedInterfaceOrientations_iPhone = "UIInterfaceOrientationPortrait UIInterfaceOrientationLandscapeLeft UIInterfaceOrientationLandscapeRight";
				IPHONEOS_DEPLOYMENT_TARGET = 16.3;
				LD_RUNPATH_SEARCH_PATHS = "@executable_path/Frameworks";
				"LD_RUNPATH_SEARCH_PATHS[sdk=macosx*]" = "@executable_path/../Frameworks";
				MACOSX_DEPLOYMENT_TARGET = 13.3;
				MARKETING_VERSION = 1.0;
				PRODUCT_BUNDLE_IDENTIFIER = com.dev.ddiffa.ddiffa;
				PRODUCT_NAME = "$(TARGET_NAME)";
				SDKROOT = iphoneos;
				SUPPORTED_PLATFORMS = "iphoneos iphonesimulator macosx";
				SWIFT_EMIT_LOC_STRINGS = YES;
				SWIFT_VERSION = 5.0;
				TARGETED_DEVICE_FAMILY = "1,2";
			};
			name = Debug;
		};
		49E4BA0A29F7ACBB00830C61 /* Release */ = {
			isa = XCBuildConfiguration;
			buildSettings = {
				ALWAYS_EMBED_SWIFT_STANDARD_LIBRARIES = YES;
				ASSETCATALOG_COMPILER_APPICON_NAME = AppIcon;
				ASSETCATALOG_COMPILER_GLOBAL_ACCENT_COLOR_NAME = AccentColor;
				CODE_SIGN_ENTITLEMENTS = ddiffa/ddiffa.entitlements;
				CODE_SIGN_STYLE = Automatic;
				CURRENT_PROJECT_VERSION = 1;
				DEVELOPMENT_ASSET_PATHS = "\"ddiffa/Preview Content\"";
				DEVELOPMENT_TEAM = H9PJ7U2A6K;
				ENABLE_HARDENED_RUNTIME = YES;
				ENABLE_PREVIEWS = YES;
				GENERATE_INFOPLIST_FILE = YES;
				INFOPLIST_KEY_LSApplicationCategoryType = "public.app-category.productivity";
				INFOPLIST_KEY_NSHealthShareUsageDescription = "Stretching tracked by FocusFlow on Apple Watch will be saved to HealthKit.";
				INFOPLIST_KEY_NSHealthUpdateUsageDescription = "Your workout related data will be used to display your saved workouts in FocusFlow";
				INFOPLIST_KEY_UIApplicationSceneManifest_Generation = YES;
				"INFOPLIST_KEY_UIApplicationSceneManifest_Generation[sdk=iphoneos*]" = YES;
				"INFOPLIST_KEY_UIApplicationSceneManifest_Generation[sdk=iphonesimulator*]" = YES;
				INFOPLIST_KEY_UIApplicationSupportsIndirectInputEvents = YES;
				"INFOPLIST_KEY_UIApplicationSupportsIndirectInputEvents[sdk=iphoneos*]" = YES;
				"INFOPLIST_KEY_UIApplicationSupportsIndirectInputEvents[sdk=iphonesimulator*]" = YES;
				INFOPLIST_KEY_UILaunchScreen_Generation = YES;
				"INFOPLIST_KEY_UILaunchScreen_Generation[sdk=iphoneos*]" = YES;
				"INFOPLIST_KEY_UILaunchScreen_Generation[sdk=iphonesimulator*]" = YES;
				INFOPLIST_KEY_UIStatusBarStyle = UIStatusBarStyleDefault;
				"INFOPLIST_KEY_UIStatusBarStyle[sdk=iphoneos*]" = UIStatusBarStyleDefault;
				"INFOPLIST_KEY_UIStatusBarStyle[sdk=iphonesimulator*]" = UIStatusBarStyleDefault;
				INFOPLIST_KEY_UISupportedInterfaceOrientations_iPad = "UIInterfaceOrientationPortrait UIInterfaceOrientationPortraitUpsideDown UIInterfaceOrientationLandscapeLeft UIInterfaceOrientationLandscapeRight";
				INFOPLIST_KEY_UISupportedInterfaceOrientations_iPhone = "UIInterfaceOrientationPortrait UIInterfaceOrientationLandscapeLeft UIInterfaceOrientationLandscapeRight";
				IPHONEOS_DEPLOYMENT_TARGET = 16.3;
				LD_RUNPATH_SEARCH_PATHS = "@executable_path/Frameworks";
				"LD_RUNPATH_SEARCH_PATHS[sdk=macosx*]" = "@executable_path/../Frameworks";
				MACOSX_DEPLOYMENT_TARGET = 13.3;
				MARKETING_VERSION = 1.0;
				PRODUCT_BUNDLE_IDENTIFIER = com.dev.ddiffa.ddiffa;
				PRODUCT_NAME = "$(TARGET_NAME)";
				SDKROOT = iphoneos;
				SUPPORTED_PLATFORMS = "iphoneos iphonesimulator macosx";
				SWIFT_EMIT_LOC_STRINGS = YES;
				SWIFT_VERSION = 5.0;
				TARGETED_DEVICE_FAMILY = "1,2";
			};
			name = Release;
		};
/* End XCBuildConfiguration section */

/* Begin XCConfigurationList section */
		13A3771A2A0358C500624352 /* Build configuration list for PBXNativeTarget "FocusFlow Watch App" */ = {
			isa = XCConfigurationList;
			buildConfigurations = (
				13A377182A0358C500624352 /* Debug */,
				13A377192A0358C500624352 /* Release */,
			);
			defaultConfigurationIsVisible = 0;
			defaultConfigurationName = Release;
		};
		49E4B9F429F7ACBB00830C61 /* Build configuration list for PBXProject "ddiffa" */ = {
			isa = XCConfigurationList;
			buildConfigurations = (
				49E4BA0629F7ACBB00830C61 /* Debug */,
				49E4BA0729F7ACBB00830C61 /* Release */,
			);
			defaultConfigurationIsVisible = 0;
			defaultConfigurationName = Release;
		};
		49E4BA0829F7ACBB00830C61 /* Build configuration list for PBXNativeTarget "ddiffa" */ = {
			isa = XCConfigurationList;
			buildConfigurations = (
				49E4BA0929F7ACBB00830C61 /* Debug */,
				49E4BA0A29F7ACBB00830C61 /* Release */,
			);
			defaultConfigurationIsVisible = 0;
			defaultConfigurationName = Release;
		};
/* End XCConfigurationList section */

/* Begin XCVersionGroup section */
		49F6CC0929FFF20D00ABC9C9 /* Model.xcdatamodeld */ = {
			isa = XCVersionGroup;
			children = (
				49F6CC0A29FFF20D00ABC9C9 /* Model.xcdatamodel */,
			);
			currentVersion = 49F6CC0A29FFF20D00ABC9C9 /* Model.xcdatamodel */;
			path = Model.xcdatamodeld;
			sourceTree = "<group>";
			versionGroupType = wrapper.xcdatamodel;
		};
/* End XCVersionGroup section */
	};
	rootObject = 49E4B9F129F7ACBB00830C61 /* Project object */;
}
